// !$*UTF8*$!
{
	archiveVersion = 1;
	classes = {
	};
	objectVersion = 47;
	objects = {

/* Begin PBXBuildFile section */
		0C055D0E6E72577435EFA2C5 /* libPods.a in Frameworks */ = {isa = PBXBuildFile; fileRef = 8B6C1CE959854EBE0D55A256 /* libPods.a */; };
		6A518F091BEBCCA400C2DABE /* main.m in Sources */ = {isa = PBXBuildFile; fileRef = 6A518F081BEBCCA400C2DABE /* main.m */; };
		6A518F0C1BEBCCA400C2DABE /* AppDelegate.m in Sources */ = {isa = PBXBuildFile; fileRef = 6A518F0B1BEBCCA400C2DABE /* AppDelegate.m */; };
		6A518F121BEBCCA400C2DABE /* Main.storyboard in Resources */ = {isa = PBXBuildFile; fileRef = 6A518F101BEBCCA400C2DABE /* Main.storyboard */; };
		6A518F141BEBCCA400C2DABE /* Assets.xcassets in Resources */ = {isa = PBXBuildFile; fileRef = 6A518F131BEBCCA400C2DABE /* Assets.xcassets */; };
		6A518F171BEBCCA400C2DABE /* LaunchScreen.storyboard in Resources */ = {isa = PBXBuildFile; fileRef = 6A518F151BEBCCA400C2DABE /* LaunchScreen.storyboard */; };
		6A518F441BEBCDC100C2DABE /* GameSaver.mm in Sources */ = {isa = PBXBuildFile; fileRef = 6A518F1F1BEBCDC100C2DABE /* GameSaver.mm */; };
		6A518F481BEBCDC100C2DABE /* purple_nebula@2x~ipad.xcf in Resources */ = {isa = PBXBuildFile; fileRef = 6A518F241BEBCDC100C2DABE /* purple_nebula@2x~ipad.xcf */; };
		6A518F5C1BEBCDC100C2DABE /* iTunesArtwork.png in Resources */ = {isa = PBXBuildFile; fileRef = 6A518F3A1BEBCDC100C2DABE /* iTunesArtwork.png */; };
		6A518F5D1BEBCDC100C2DABE /* iTunesArtwork@2x.png in Resources */ = {isa = PBXBuildFile; fileRef = 6A518F3B1BEBCDC100C2DABE /* iTunesArtwork@2x.png */; };
		6A518F621BEBCDC100C2DABE /* MainViewController.mm in Sources */ = {isa = PBXBuildFile; fileRef = 6A518F411BEBCDC100C2DABE /* MainViewController.mm */; };
/* End PBXBuildFile section */

/* Begin PBXFileReference section */
		15857268EDC6E74B97D47301 /* Pods.debug.xcconfig */ = {isa = PBXFileReference; includeInIndex = 1; lastKnownFileType = text.xcconfig; name = Pods.debug.xcconfig; path = "Pods/Target Support Files/Pods/Pods.debug.xcconfig"; sourceTree = "<group>"; };
		1F78E8DBE92AAC5FB4717331 /* Pods.release.xcconfig */ = {isa = PBXFileReference; includeInIndex = 1; lastKnownFileType = text.xcconfig; name = Pods.release.xcconfig; path = "Pods/Target Support Files/Pods/Pods.release.xcconfig"; sourceTree = "<group>"; };
		6A518F041BEBCCA400C2DABE /* ftlsaver.app */ = {isa = PBXFileReference; explicitFileType = wrapper.application; includeInIndex = 0; path = ftlsaver.app; sourceTree = BUILT_PRODUCTS_DIR; };
		6A518F081BEBCCA400C2DABE /* main.m */ = {isa = PBXFileReference; lastKnownFileType = sourcecode.c.objc; path = main.m; sourceTree = "<group>"; };
		6A518F0A1BEBCCA400C2DABE /* AppDelegate.h */ = {isa = PBXFileReference; lastKnownFileType = sourcecode.c.h; path = AppDelegate.h; sourceTree = "<group>"; };
		6A518F0B1BEBCCA400C2DABE /* AppDelegate.m */ = {isa = PBXFileReference; lastKnownFileType = sourcecode.c.objc; path = AppDelegate.m; sourceTree = "<group>"; };
		6A518F111BEBCCA400C2DABE /* Base */ = {isa = PBXFileReference; lastKnownFileType = file.storyboard; name = Base; path = Base.lproj/Main.storyboard; sourceTree = "<group>"; };
		6A518F131BEBCCA400C2DABE /* Assets.xcassets */ = {isa = PBXFileReference; lastKnownFileType = folder.assetcatalog; path = Assets.xcassets; sourceTree = "<group>"; };
		6A518F161BEBCCA400C2DABE /* Base */ = {isa = PBXFileReference; lastKnownFileType = file.storyboard; name = Base; path = Base.lproj/LaunchScreen.storyboard; sourceTree = "<group>"; };
		6A518F181BEBCCA400C2DABE /* Info.plist */ = {isa = PBXFileReference; lastKnownFileType = text.plist.xml; path = Info.plist; sourceTree = "<group>"; };
		6A518F1E1BEBCDC100C2DABE /* GameSaver.h */ = {isa = PBXFileReference; fileEncoding = 4; lastKnownFileType = sourcecode.c.h; path = GameSaver.h; sourceTree = "<group>"; };
		6A518F1F1BEBCDC100C2DABE /* GameSaver.mm */ = {isa = PBXFileReference; fileEncoding = 4; lastKnownFileType = sourcecode.cpp.objcpp; path = GameSaver.mm; sourceTree = "<group>"; };
		6A518F211BEBCDC100C2DABE /* Floppy_Disk_Save_clip_art.svg */ = {isa = PBXFileReference; fileEncoding = 4; lastKnownFileType = text.xml; path = Floppy_Disk_Save_clip_art.svg; sourceTree = "<group>"; };
		6A518F221BEBCDC100C2DABE /* FTLSaver.svg */ = {isa = PBXFileReference; fileEncoding = 4; lastKnownFileType = text.xml; path = FTLSaver.svg; sourceTree = "<group>"; };
		6A518F231BEBCDC100C2DABE /* purple_nebula@2x.xcf */ = {isa = PBXFileReference; lastKnownFileType = file; path = "purple_nebula@2x.xcf"; sourceTree = "<group>"; };
		6A518F241BEBCDC100C2DABE /* purple_nebula@2x~ipad.xcf */ = {isa = PBXFileReference; lastKnownFileType = file; path = "purple_nebula@2x~ipad.xcf"; sourceTree = "<group>"; };
		6A518F3A1BEBCDC100C2DABE /* iTunesArtwork.png */ = {isa = PBXFileReference; lastKnownFileType = image.png; path = iTunesArtwork.png; sourceTree = "<group>"; };
		6A518F3B1BEBCDC100C2DABE /* iTunesArtwork@2x.png */ = {isa = PBXFileReference; lastKnownFileType = image.png; path = "iTunesArtwork@2x.png"; sourceTree = "<group>"; };
		6A518F401BEBCDC100C2DABE /* MainViewController.h */ = {isa = PBXFileReference; fileEncoding = 4; lastKnownFileType = sourcecode.c.h; path = MainViewController.h; sourceTree = "<group>"; };
		6A518F411BEBCDC100C2DABE /* MainViewController.mm */ = {isa = PBXFileReference; fileEncoding = 4; lastKnownFileType = sourcecode.cpp.objcpp; path = MainViewController.mm; sourceTree = "<group>"; };
		6AF540A71BEBDC1C00CBD273 /* control */ = {isa = PBXFileReference; fileEncoding = 4; lastKnownFileType = text; path = control; sourceTree = "<group>"; };
		8B6C1CE959854EBE0D55A256 /* libPods.a */ = {isa = PBXFileReference; explicitFileType = archive.ar; includeInIndex = 0; path = libPods.a; sourceTree = BUILT_PRODUCTS_DIR; };
/* End PBXFileReference section */

/* Begin PBXFrameworksBuildPhase section */
		6A518F011BEBCCA400C2DABE /* Frameworks */ = {
			isa = PBXFrameworksBuildPhase;
			buildActionMask = 2147483647;
			files = (
				0C055D0E6E72577435EFA2C5 /* libPods.a in Frameworks */,
			);
			runOnlyForDeploymentPostprocessing = 0;
		};
/* End PBXFrameworksBuildPhase section */

/* Begin PBXGroup section */
		57E5F9F75F84F56568C327A1 /* Frameworks */ = {
			isa = PBXGroup;
			children = (
				8B6C1CE959854EBE0D55A256 /* libPods.a */,
			);
			name = Frameworks;
			sourceTree = "<group>";
		};
		6A518EFB1BEBCCA400C2DABE = {
			isa = PBXGroup;
			children = (
				6A518F061BEBCCA400C2DABE /* ftlsaver */,
				6A518F051BEBCCA400C2DABE /* Products */,
				A8BDF51ADA58FE534BEEB19D /* Pods */,
				57E5F9F75F84F56568C327A1 /* Frameworks */,
			);
			sourceTree = "<group>";
		};
		6A518F051BEBCCA400C2DABE /* Products */ = {
			isa = PBXGroup;
			children = (
				6A518F041BEBCCA400C2DABE /* ftlsaver.app */,
			);
			name = Products;
			sourceTree = "<group>";
		};
		6A518F061BEBCCA400C2DABE /* ftlsaver */ = {
			isa = PBXGroup;
			children = (
				6AF540A41BEBDC1C00CBD273 /* Package */,
				6A518F251BEBCDC100C2DABE /* Resources */,
				6A518F201BEBCDC100C2DABE /* graphics */,
				6A518F1E1BEBCDC100C2DABE /* GameSaver.h */,
				6A518F1F1BEBCDC100C2DABE /* GameSaver.mm */,
				6A518F401BEBCDC100C2DABE /* MainViewController.h */,
				6A518F411BEBCDC100C2DABE /* MainViewController.mm */,
				6A518F0A1BEBCCA400C2DABE /* AppDelegate.h */,
				6A518F0B1BEBCCA400C2DABE /* AppDelegate.m */,
				6A518F101BEBCCA400C2DABE /* Main.storyboard */,
				6A518F131BEBCCA400C2DABE /* Assets.xcassets */,
				6A518F151BEBCCA400C2DABE /* LaunchScreen.storyboard */,
				6A518F181BEBCCA400C2DABE /* Info.plist */,
				6A518F071BEBCCA400C2DABE /* Supporting Files */,
			);
			path = ftlsaver;
			sourceTree = "<group>";
		};
		6A518F071BEBCCA400C2DABE /* Supporting Files */ = {
			isa = PBXGroup;
			children = (
				6A518F081BEBCCA400C2DABE /* main.m */,
			);
			name = "Supporting Files";
			sourceTree = "<group>";
		};
		6A518F201BEBCDC100C2DABE /* graphics */ = {
			isa = PBXGroup;
			children = (
				6A518F211BEBCDC100C2DABE /* Floppy_Disk_Save_clip_art.svg */,
				6A518F221BEBCDC100C2DABE /* FTLSaver.svg */,
				6A518F231BEBCDC100C2DABE /* purple_nebula@2x.xcf */,
				6A518F241BEBCDC100C2DABE /* purple_nebula@2x~ipad.xcf */,
			);
			path = graphics;
			sourceTree = "<group>";
		};
		6A518F251BEBCDC100C2DABE /* Resources */ = {
			isa = PBXGroup;
			children = (
				6A518F3A1BEBCDC100C2DABE /* iTunesArtwork.png */,
				6A518F3B1BEBCDC100C2DABE /* iTunesArtwork@2x.png */,
			);
			path = Resources;
			sourceTree = "<group>";
		};
		6AF540A41BEBDC1C00CBD273 /* Package */ = {
			isa = PBXGroup;
			children = (
				6AF540A51BEBDC1C00CBD273 /* Applications */,
				6AF540A61BEBDC1C00CBD273 /* DEBIAN */,
			);
			path = Package;
			sourceTree = "<group>";
		};
		6AF540A51BEBDC1C00CBD273 /* Applications */ = {
			isa = PBXGroup;
			children = (
			);
			path = Applications;
			sourceTree = "<group>";
		};
		6AF540A61BEBDC1C00CBD273 /* DEBIAN */ = {
			isa = PBXGroup;
			children = (
				6AF540A71BEBDC1C00CBD273 /* control */,
			);
			path = DEBIAN;
			sourceTree = "<group>";
		};
		A8BDF51ADA58FE534BEEB19D /* Pods */ = {
			isa = PBXGroup;
			children = (
				15857268EDC6E74B97D47301 /* Pods.debug.xcconfig */,
				1F78E8DBE92AAC5FB4717331 /* Pods.release.xcconfig */,
			);
			name = Pods;
			sourceTree = "<group>";
		};
/* End PBXGroup section */

/* Begin PBXNativeTarget section */
		6A518F031BEBCCA400C2DABE /* ftlsaver */ = {
			isa = PBXNativeTarget;
			buildConfigurationList = 6A518F1B1BEBCCA400C2DABE /* Build configuration list for PBXNativeTarget "ftlsaver" */;
			buildPhases = (
				35980671B0ACB42B735FB802 /* Check Pods Manifest.lock */,
				6A518F001BEBCCA400C2DABE /* Sources */,
				6A518F011BEBCCA400C2DABE /* Frameworks */,
				6A518F021BEBCCA400C2DABE /* Resources */,
				6AF540A91BEBDC5C00CBD273 /* Run Script */,
				12E82F36E136EAC2C91A98D7 /* Embed Pods Frameworks */,
				D583171AE4A81CB16B4C0F86 /* Copy Pods Resources */,
			);
			buildRules = (
			);
			dependencies = (
			);
			name = ftlsaver;
			productName = ftlsaver;
			productReference = 6A518F041BEBCCA400C2DABE /* ftlsaver.app */;
			productType = "com.apple.product-type.application";
		};
/* End PBXNativeTarget section */

/* Begin PBXProject section */
		6A518EFC1BEBCCA400C2DABE /* Project object */ = {
			isa = PBXProject;
			attributes = {
				LastUpgradeCheck = 0710;
				ORGANIZATIONNAME = LiNC;
				TargetAttributes = {
					6A518F031BEBCCA400C2DABE = {
						CreatedOnToolsVersion = 7.1;
					};
				};
			};
			buildConfigurationList = 6A518EFF1BEBCCA400C2DABE /* Build configuration list for PBXProject "ftlsaver" */;
			compatibilityVersion = "Xcode 6.3";
			developmentRegion = English;
			hasScannedForEncodings = 0;
			knownRegions = (
				en,
				Base,
			);
			mainGroup = 6A518EFB1BEBCCA400C2DABE;
			productRefGroup = 6A518F051BEBCCA400C2DABE /* Products */;
			projectDirPath = "";
			projectRoot = "";
			targets = (
				6A518F031BEBCCA400C2DABE /* ftlsaver */,
			);
		};
/* End PBXProject section */

/* Begin PBXResourcesBuildPhase section */
		6A518F021BEBCCA400C2DABE /* Resources */ = {
			isa = PBXResourcesBuildPhase;
			buildActionMask = 2147483647;
			files = (
				6A518F171BEBCCA400C2DABE /* LaunchScreen.storyboard in Resources */,
				6A518F141BEBCCA400C2DABE /* Assets.xcassets in Resources */,
				6A518F481BEBCDC100C2DABE /* purple_nebula@2x~ipad.xcf in Resources */,
				6A518F121BEBCCA400C2DABE /* Main.storyboard in Resources */,
				6A518F5C1BEBCDC100C2DABE /* iTunesArtwork.png in Resources */,
				6A518F5D1BEBCDC100C2DABE /* iTunesArtwork@2x.png in Resources */,
			);
			runOnlyForDeploymentPostprocessing = 0;
		};
/* End PBXResourcesBuildPhase section */

/* Begin PBXShellScriptBuildPhase section */
		12E82F36E136EAC2C91A98D7 /* Embed Pods Frameworks */ = {
			isa = PBXShellScriptBuildPhase;
			buildActionMask = 2147483647;
			files = (
			);
			inputPaths = (
			);
			name = "Embed Pods Frameworks";
			outputPaths = (
			);
			runOnlyForDeploymentPostprocessing = 0;
			shellPath = /bin/sh;
			shellScript = "\"${SRCROOT}/Pods/Target Support Files/Pods/Pods-frameworks.sh\"\n";
			showEnvVarsInLog = 0;
		};
		35980671B0ACB42B735FB802 /* Check Pods Manifest.lock */ = {
			isa = PBXShellScriptBuildPhase;
			buildActionMask = 2147483647;
			files = (
			);
			inputPaths = (
			);
			name = "Check Pods Manifest.lock";
			outputPaths = (
			);
			runOnlyForDeploymentPostprocessing = 0;
			shellPath = /bin/sh;
			shellScript = "diff \"${PODS_ROOT}/../Podfile.lock\" \"${PODS_ROOT}/Manifest.lock\" > /dev/null\nif [[ $? != 0 ]] ; then\n    cat << EOM\nerror: The sandbox is not in sync with the Podfile.lock. Run 'pod install' or update your CocoaPods installation.\nEOM\n    exit 1\nfi\n";
			showEnvVarsInLog = 0;
		};
		6AF540A91BEBDC5C00CBD273 /* Run Script */ = {
			isa = PBXShellScriptBuildPhase;
			buildActionMask = 12;
			files = (
			);
			inputPaths = (
			);
			name = "Run Script";
			outputPaths = (
			);
			runOnlyForDeploymentPostprocessing = 0;
			shellPath = /bin/sh;
			shellScript = "/opt/iOSOpenDev/bin/iosod --xcbp";
		};
		D583171AE4A81CB16B4C0F86 /* Copy Pods Resources */ = {
			isa = PBXShellScriptBuildPhase;
			buildActionMask = 2147483647;
			files = (
			);
			inputPaths = (
			);
			name = "Copy Pods Resources";
			outputPaths = (
			);
			runOnlyForDeploymentPostprocessing = 0;
			shellPath = /bin/sh;
			shellScript = "\"${SRCROOT}/Pods/Target Support Files/Pods/Pods-resources.sh\"\n";
			showEnvVarsInLog = 0;
		};
/* End PBXShellScriptBuildPhase section */

/* Begin PBXSourcesBuildPhase section */
		6A518F001BEBCCA400C2DABE /* Sources */ = {
			isa = PBXSourcesBuildPhase;
			buildActionMask = 2147483647;
			files = (
				6A518F0C1BEBCCA400C2DABE /* AppDelegate.m in Sources */,
				6A518F621BEBCDC100C2DABE /* MainViewController.mm in Sources */,
				6A518F091BEBCCA400C2DABE /* main.m in Sources */,
				6A518F441BEBCDC100C2DABE /* GameSaver.mm in Sources */,
			);
			runOnlyForDeploymentPostprocessing = 0;
		};
/* End PBXSourcesBuildPhase section */

/* Begin PBXVariantGroup section */
		6A518F101BEBCCA400C2DABE /* Main.storyboard */ = {
			isa = PBXVariantGroup;
			children = (
				6A518F111BEBCCA400C2DABE /* Base */,
			);
			name = Main.storyboard;
			sourceTree = "<group>";
		};
		6A518F151BEBCCA400C2DABE /* LaunchScreen.storyboard */ = {
			isa = PBXVariantGroup;
			children = (
				6A518F161BEBCCA400C2DABE /* Base */,
			);
			name = LaunchScreen.storyboard;
			sourceTree = "<group>";
		};
/* End PBXVariantGroup section */

/* Begin XCBuildConfiguration section */
		6A518F191BEBCCA400C2DABE /* Debug */ = {
			isa = XCBuildConfiguration;
			buildSettings = {
				ALWAYS_SEARCH_USER_PATHS = NO;
				CLANG_CXX_LANGUAGE_STANDARD = "gnu++0x";
				CLANG_CXX_LIBRARY = "libc++";
				CLANG_ENABLE_MODULES = YES;
				CLANG_ENABLE_OBJC_ARC = YES;
				CLANG_WARN_BOOL_CONVERSION = YES;
				CLANG_WARN_CONSTANT_CONVERSION = YES;
				CLANG_WARN_DIRECT_OBJC_ISA_USAGE = YES_ERROR;
				CLANG_WARN_EMPTY_BODY = YES;
				CLANG_WARN_ENUM_CONVERSION = YES;
				CLANG_WARN_INT_CONVERSION = YES;
				CLANG_WARN_OBJC_ROOT_CLASS = YES_ERROR;
				CLANG_WARN_UNREACHABLE_CODE = YES;
				CLANG_WARN__DUPLICATE_METHOD_MATCH = YES;
				"CODE_SIGN_IDENTITY[sdk=iphoneos*]" = "iPhone Developer";
				COPY_PHASE_STRIP = NO;
				DEBUG_INFORMATION_FORMAT = dwarf;
				ENABLE_STRICT_OBJC_MSGSEND = YES;
				ENABLE_TESTABILITY = YES;
				GCC_C_LANGUAGE_STANDARD = gnu99;
				GCC_DYNAMIC_NO_PIC = NO;
				GCC_NO_COMMON_BLOCKS = YES;
				GCC_OPTIMIZATION_LEVEL = 0;
				GCC_PREPROCESSOR_DEFINITIONS = (
					"DEBUG=1",
					"$(inherited)",
				);
				GCC_WARN_64_TO_32_BIT_CONVERSION = YES;
				GCC_WARN_ABOUT_RETURN_TYPE = YES_ERROR;
				GCC_WARN_UNDECLARED_SELECTOR = YES;
				GCC_WARN_UNINITIALIZED_AUTOS = YES_AGGRESSIVE;
				GCC_WARN_UNUSED_FUNCTION = YES;
				GCC_WARN_UNUSED_VARIABLE = YES;
				IPHONEOS_DEPLOYMENT_TARGET = 9.1;
				MTL_ENABLE_DEBUG_INFO = YES;
				ONLY_ACTIVE_ARCH = YES;
				SDKROOT = iphoneos;
				TARGETED_DEVICE_FAMILY = "1,2";
				iOSOpenDevPath = /opt/iOSOpenDev;
			};
			name = Debug;
		};
		6A518F1A1BEBCCA400C2DABE /* Release */ = {
			isa = XCBuildConfiguration;
			buildSettings = {
				ALWAYS_SEARCH_USER_PATHS = NO;
				CLANG_CXX_LANGUAGE_STANDARD = "gnu++0x";
				CLANG_CXX_LIBRARY = "libc++";
				CLANG_ENABLE_MODULES = YES;
				CLANG_ENABLE_OBJC_ARC = YES;
				CLANG_WARN_BOOL_CONVERSION = YES;
				CLANG_WARN_CONSTANT_CONVERSION = YES;
				CLANG_WARN_DIRECT_OBJC_ISA_USAGE = YES_ERROR;
				CLANG_WARN_EMPTY_BODY = YES;
				CLANG_WARN_ENUM_CONVERSION = YES;
				CLANG_WARN_INT_CONVERSION = YES;
				CLANG_WARN_OBJC_ROOT_CLASS = YES_ERROR;
				CLANG_WARN_UNREACHABLE_CODE = YES;
				CLANG_WARN__DUPLICATE_METHOD_MATCH = YES;
				"CODE_SIGN_IDENTITY[sdk=iphoneos*]" = "iPhone Developer";
				COPY_PHASE_STRIP = NO;
				DEBUG_INFORMATION_FORMAT = "dwarf-with-dsym";
				ENABLE_NS_ASSERTIONS = NO;
				ENABLE_STRICT_OBJC_MSGSEND = YES;
				GCC_C_LANGUAGE_STANDARD = gnu99;
				GCC_NO_COMMON_BLOCKS = YES;
				GCC_WARN_64_TO_32_BIT_CONVERSION = YES;
				GCC_WARN_ABOUT_RETURN_TYPE = YES_ERROR;
				GCC_WARN_UNDECLARED_SELECTOR = YES;
				GCC_WARN_UNINITIALIZED_AUTOS = YES_AGGRESSIVE;
				GCC_WARN_UNUSED_FUNCTION = YES;
				GCC_WARN_UNUSED_VARIABLE = YES;
				IPHONEOS_DEPLOYMENT_TARGET = 9.1;
				MTL_ENABLE_DEBUG_INFO = NO;
				SDKROOT = iphoneos;
				TARGETED_DEVICE_FAMILY = "1,2";
				VALIDATE_PRODUCT = YES;
				iOSOpenDevPath = /opt/iOSOpenDev;
			};
			name = Release;
		};
		6A518F1C1BEBCCA400C2DABE /* Debug */ = {
			isa = XCBuildConfiguration;
			baseConfigurationReference = 15857268EDC6E74B97D47301 /* Pods.debug.xcconfig */;
			buildSettings = {
				ASSETCATALOG_COMPILER_APPICON_NAME = AppIcon;
				"CODE_SIGN_IDENTITY[sdk=iphoneos*]" = "";
				INFOPLIST_FILE = ftlsaver/Info.plist;
				IPHONEOS_DEPLOYMENT_TARGET = 9.0;
				LD_RUNPATH_SEARCH_PATHS = "$(inherited) @executable_path/Frameworks";
				PRODUCT_BUNDLE_IDENTIFIER = org.scottlearn.ftlsaver;
				PRODUCT_NAME = "$(TARGET_NAME)";
				iOSOpenDevBuildPackageOnAnyBuild = NO;
				iOSOpenDevCopyOnBuild = NO;
				iOSOpenDevDevice = Eri;
				iOSOpenDevInstallOnAnyBuild = NO;
				iOSOpenDevInstallOnProfiling = YES;
				iOSOpenDevPath = "";
				iOSOpenDevRespringOnInstall = YES;
				iOSOpenDevUsePackageVersionPList = NO;
			};
			name = Debug;
		};
		6A518F1D1BEBCCA400C2DABE /* Release */ = {
			isa = XCBuildConfiguration;
			baseConfigurationReference = 1F78E8DBE92AAC5FB4717331 /* Pods.release.xcconfig */;
			buildSettings = {
				ASSETCATALOG_COMPILER_APPICON_NAME = AppIcon;
				"CODE_SIGN_IDENTITY[sdk=iphoneos*]" = "";
				INFOPLIST_FILE = ftlsaver/Info.plist;
				IPHONEOS_DEPLOYMENT_TARGET = 9.0;
				LD_RUNPATH_SEARCH_PATHS = "$(inherited) @executable_path/Frameworks";
				PRODUCT_BUNDLE_IDENTIFIER = org.scottlearn.ftlsaver;
				PRODUCT_NAME = "$(TARGET_NAME)";
				iOSOpenDevBuildPackageOnAnyBuild = NO;
				iOSOpenDevCopyOnBuild = NO;
				iOSOpenDevDevice = Eri;
				iOSOpenDevInstallOnAnyBuild = NO;
				iOSOpenDevInstallOnProfiling = YES;
				iOSOpenDevPath = "";
				iOSOpenDevRespringOnInstall = YES;
				iOSOpenDevUsePackageVersionPList = NO;
			};
			name = Release;
		};
/* End XCBuildConfiguration section */

/* Begin XCConfigurationList section */
		6A518EFF1BEBCCA400C2DABE /* Build configuration list for PBXProject "ftlsaver" */ = {
			isa = XCConfigurationList;
			buildConfigurations = (
				6A518F191BEBCCA400C2DABE /* Debug */,
				6A518F1A1BEBCCA400C2DABE /* Release */,
			);
			defaultConfigurationIsVisible = 0;
			defaultConfigurationName = Release;
		};
		6A518F1B1BEBCCA400C2DABE /* Build configuration list for PBXNativeTarget "ftlsaver" */ = {
			isa = XCConfigurationList;
			buildConfigurations = (
				6A518F1C1BEBCCA400C2DABE /* Debug */,
				6A518F1D1BEBCCA400C2DABE /* Release */,
			);
			defaultConfigurationIsVisible = 0;
			defaultConfigurationName = Release;
		};
/* End XCConfigurationList section */
	};
	rootObject = 6A518EFC1BEBCCA400C2DABE /* Project object */;
}
