// !$*UTF8*$!
{
	archiveVersion = 1;
	classes = {
	};
	objectVersion = 46;
	objects = {

/* Begin PBXBuildFile section */
		6A518F091BEBCCA400C2DABE /* main.m in Sources */ = {isa = PBXBuildFile; fileRef = 6A518F081BEBCCA400C2DABE /* main.m */; };
		6A518F0C1BEBCCA400C2DABE /* AppDelegate.m in Sources */ = {isa = PBXBuildFile; fileRef = 6A518F0B1BEBCCA400C2DABE /* AppDelegate.m */; };
		6A518F0F1BEBCCA400C2DABE /* ViewController.m in Sources */ = {isa = PBXBuildFile; fileRef = 6A518F0E1BEBCCA400C2DABE /* ViewController.m */; };
		6A518F121BEBCCA400C2DABE /* Main.storyboard in Resources */ = {isa = PBXBuildFile; fileRef = 6A518F101BEBCCA400C2DABE /* Main.storyboard */; };
		6A518F141BEBCCA400C2DABE /* Assets.xcassets in Resources */ = {isa = PBXBuildFile; fileRef = 6A518F131BEBCCA400C2DABE /* Assets.xcassets */; };
		6A518F171BEBCCA400C2DABE /* LaunchScreen.storyboard in Resources */ = {isa = PBXBuildFile; fileRef = 6A518F151BEBCCA400C2DABE /* LaunchScreen.storyboard */; };
/* End PBXBuildFile section */

/* Begin PBXFileReference section */
		6A518F041BEBCCA400C2DABE /* ftlsaver.app */ = {isa = PBXFileReference; explicitFileType = wrapper.application; includeInIndex = 0; path = ftlsaver.app; sourceTree = BUILT_PRODUCTS_DIR; };
		6A518F081BEBCCA400C2DABE /* main.m */ = {isa = PBXFileReference; lastKnownFileType = sourcecode.c.objc; path = main.m; sourceTree = "<group>"; };
		6A518F0A1BEBCCA400C2DABE /* AppDelegate.h */ = {isa = PBXFileReference; lastKnownFileType = sourcecode.c.h; path = AppDelegate.h; sourceTree = "<group>"; };
		6A518F0B1BEBCCA400C2DABE /* AppDelegate.m */ = {isa = PBXFileReference; lastKnownFileType = sourcecode.c.objc; path = AppDelegate.m; sourceTree = "<group>"; };
		6A518F0D1BEBCCA400C2DABE /* ViewController.h */ = {isa = PBXFileReference; lastKnownFileType = sourcecode.c.h; path = ViewController.h; sourceTree = "<group>"; };
		6A518F0E1BEBCCA400C2DABE /* ViewController.m */ = {isa = PBXFileReference; lastKnownFileType = sourcecode.c.objc; path = ViewController.m; sourceTree = "<group>"; };
		6A518F111BEBCCA400C2DABE /* Base */ = {isa = PBXFileReference; lastKnownFileType = file.storyboard; name = Base; path = Base.lproj/Main.storyboard; sourceTree = "<group>"; };
		6A518F131BEBCCA400C2DABE /* Assets.xcassets */ = {isa = PBXFileReference; lastKnownFileType = folder.assetcatalog; path = Assets.xcassets; sourceTree = "<group>"; };
		6A518F161BEBCCA400C2DABE /* Base */ = {isa = PBXFileReference; lastKnownFileType = file.storyboard; name = Base; path = Base.lproj/LaunchScreen.storyboard; sourceTree = "<group>"; };
		6A518F181BEBCCA400C2DABE /* Info.plist */ = {isa = PBXFileReference; lastKnownFileType = text.plist.xml; path = Info.plist; sourceTree = "<group>"; };
/* End PBXFileReference section */

/* Begin PBXFrameworksBuildPhase section */
		6A518F011BEBCCA400C2DABE /* Frameworks */ = {
			isa = PBXFrameworksBuildPhase;
			buildActionMask = 2147483647;
			files = (
			);
			runOnlyForDeploymentPostprocessing = 0;
		};
/* End PBXFrameworksBuildPhase section */

/* Begin PBXGroup section */
		6A518EFB1BEBCCA400C2DABE = {
			isa = PBXGroup;
			children = (
				6A518F061BEBCCA400C2DABE /* ftlsaver */,
				6A518F051BEBCCA400C2DABE /* Products */,
			);
			sourceTree = "<group>";
		};
		6A518F051BEBCCA400C2DABE /* Products */ = {
			isa = PBXGroup;
			children = (
				6A518F041BEBCCA400C2DABE /* ftlsaver.app */,
			);
			name = Products;
			sourceTree = "<group>";
		};
		6A518F061BEBCCA400C2DABE /* ftlsaver */ = {
			isa = PBXGroup;
			children = (
				6A518F0A1BEBCCA400C2DABE /* AppDelegate.h */,
				6A518F0B1BEBCCA400C2DABE /* AppDelegate.m */,
				6A518F0D1BEBCCA400C2DABE /* ViewController.h */,
				6A518F0E1BEBCCA400C2DABE /* ViewController.m */,
				6A518F101BEBCCA400C2DABE /* Main.storyboard */,
				6A518F131BEBCCA400C2DABE /* Assets.xcassets */,
				6A518F151BEBCCA400C2DABE /* LaunchScreen.storyboard */,
				6A518F181BEBCCA400C2DABE /* Info.plist */,
				6A518F071BEBCCA400C2DABE /* Supporting Files */,
			);
			path = ftlsaver;
			sourceTree = "<group>";
		};
		6A518F071BEBCCA400C2DABE /* Supporting Files */ = {
			isa = PBXGroup;
			children = (
				6A518F081BEBCCA400C2DABE /* main.m */,
			);
			name = "Supporting Files";
			sourceTree = "<group>";
		};
/* End PBXGroup section */

/* Begin PBXNativeTarget section */
		6A518F031BEBCCA400C2DABE /* ftlsaver */ = {
			isa = PBXNativeTarget;
			buildConfigurationList = 6A518F1B1BEBCCA400C2DABE /* Build configuration list for PBXNativeTarget "ftlsaver" */;
			buildPhases = (
				6A518F001BEBCCA400C2DABE /* Sources */,
				6A518F011BEBCCA400C2DABE /* Frameworks */,
				6A518F021BEBCCA400C2DABE /* Resources */,
			);
			buildRules = (
			);
			dependencies = (
			);
			name = ftlsaver;
			productName = ftlsaver;
			productReference = 6A518F041BEBCCA400C2DABE /* ftlsaver.app */;
			productType = "com.apple.product-type.application";
		};
/* End PBXNativeTarget section */

/* Begin PBXProject section */
		6A518EFC1BEBCCA400C2DABE /* Project object */ = {
			isa = PBXProject;
			attributes = {
				LastUpgradeCheck = 0710;
				ORGANIZATIONNAME = LiNC;
				TargetAttributes = {
					6A518F031BEBCCA400C2DABE = {
						CreatedOnToolsVersion = 7.1;
					};
				};
			};
			buildConfigurationList = 6A518EFF1BEBCCA400C2DABE /* Build configuration list for PBXProject "ftlsaver" */;
			compatibilityVersion = "Xcode 3.2";
			developmentRegion = English;
			hasScannedForEncodings = 0;
			knownRegions = (
				en,
				Base,
			);
			mainGroup = 6A518EFB1BEBCCA400C2DABE;
			productRefGroup = 6A518F051BEBCCA400C2DABE /* Products */;
			projectDirPath = "";
			projectRoot = "";
			targets = (
				6A518F031BEBCCA400C2DABE /* ftlsaver */,
			);
		};
/* End PBXProject section */

/* Begin PBXResourcesBuildPhase section */
		6A518F021BEBCCA400C2DABE /* Resources */ = {
			isa = PBXResourcesBuildPhase;
			buildActionMask = 2147483647;
			files = (
				6A518F171BEBCCA400C2DABE /* LaunchScreen.storyboard in Resources */,
				6A518F141BEBCCA400C2DABE /* Assets.xcassets in Resources */,
				6A518F121BEBCCA400C2DABE /* Main.storyboard in Resources */,
			);
			runOnlyForDeploymentPostprocessing = 0;
		};
/* End PBXResourcesBuildPhase section */

/* Begin PBXSourcesBuildPhase section */
		6A518F001BEBCCA400C2DABE /* Sources */ = {
			isa = PBXSourcesBuildPhase;
			buildActionMask = 2147483647;
			files = (
				6A518F0F1BEBCCA400C2DABE /* ViewController.m in Sources */,
				6A518F0C1BEBCCA400C2DABE /* AppDelegate.m in Sources */,
				6A518F091BEBCCA400C2DABE /* main.m in Sources */,
			);
			runOnlyForDeploymentPostprocessing = 0;
		};
/* End PBXSourcesBuildPhase section */

/* Begin PBXVariantGroup section */
		6A518F101BEBCCA400C2DABE /* Main.storyboard */ = {
			isa = PBXVariantGroup;
			children = (
				6A518F111BEBCCA400C2DABE /* Base */,
			);
			name = Main.storyboard;
			sourceTree = "<group>";
		};
		6A518F151BEBCCA400C2DABE /* LaunchScreen.storyboard */ = {
			isa = PBXVariantGroup;
			children = (
				6A518F161BEBCCA400C2DABE /* Base */,
			);
			name = LaunchScreen.storyboard;
			sourceTree = "<group>";
		};
/* End PBXVariantGroup section */

/* Begin XCBuildConfiguration section */
		6A518F191BEBCCA400C2DABE /* Debug */ = {
			isa = XCBuildConfiguration;
			buildSettings = {
				ALWAYS_SEARCH_USER_PATHS = NO;
				CLANG_CXX_LANGUAGE_STANDARD = "gnu++0x";
				CLANG_CXX_LIBRARY = "libc++";
				CLANG_ENABLE_MODULES = YES;
				CLANG_ENABLE_OBJC_ARC = YES;
				CLANG_WARN_BOOL_CONVERSION = YES;
				CLANG_WARN_CONSTANT_CONVERSION = YES;
				CLANG_WARN_DIRECT_OBJC_ISA_USAGE = YES_ERROR;
				CLANG_WARN_EMPTY_BODY = YES;
				CLANG_WARN_ENUM_CONVERSION = YES;
				CLANG_WARN_INT_CONVERSION = YES;
				CLANG_WARN_OBJC_ROOT_CLASS = YES_ERROR;
				CLANG_WARN_UNREACHABLE_CODE = YES;
				CLANG_WARN__DUPLICATE_METHOD_MATCH = YES;
				"CODE_SIGN_IDENTITY[sdk=iphoneos*]" = "iPhone Developer";
				COPY_PHASE_STRIP = NO;
				DEBUG_INFORMATION_FORMAT = dwarf;
				ENABLE_STRICT_OBJC_MSGSEND = YES;
				ENABLE_TESTABILITY = YES;
				GCC_C_LANGUAGE_STANDARD = gnu99;
				GCC_DYNAMIC_NO_PIC = NO;
				GCC_NO_COMMON_BLOCKS = YES;
				GCC_OPTIMIZATION_LEVEL = 0;
				GCC_PREPROCESSOR_DEFINITIONS = (
					"DEBUG=1",
					"$(inherited)",
				);
				GCC_WARN_64_TO_32_BIT_CONVERSION = YES;
				GCC_WARN_ABOUT_RETURN_TYPE = YES_ERROR;
				GCC_WARN_UNDECLARED_SELECTOR = YES;
				GCC_WARN_UNINITIALIZED_AUTOS = YES_AGGRESSIVE;
				GCC_WARN_UNUSED_FUNCTION = YES;
				GCC_WARN_UNUSED_VARIABLE = YES;
				IPHONEOS_DEPLOYMENT_TARGET = 9.1;
				MTL_ENABLE_DEBUG_INFO = YES;
				ONLY_ACTIVE_ARCH = YES;
				SDKROOT = iphoneos;
				TARGETED_DEVICE_FAMILY = "1,2";
			};
			name = Debug;
		};
		6A518F1A1BEBCCA400C2DABE /* Release */ = {
			isa = XCBuildConfiguration;
			buildSettings = {
				ALWAYS_SEARCH_USER_PATHS = NO;
				CLANG_CXX_LANGUAGE_STANDARD = "gnu++0x";
				CLANG_CXX_LIBRARY = "libc++";
				CLANG_ENABLE_MODULES = YES;
				CLANG_ENABLE_OBJC_ARC = YES;
				CLANG_WARN_BOOL_CONVERSION = YES;
				CLANG_WARN_CONSTANT_CONVERSION = YES;
				CLANG_WARN_DIRECT_OBJC_ISA_USAGE = YES_ERROR;
				CLANG_WARN_EMPTY_BODY = YES;
				CLANG_WARN_ENUM_CONVERSION = YES;
				CLANG_WARN_INT_CONVERSION = YES;
				CLANG_WARN_OBJC_ROOT_CLASS = YES_ERROR;
				CLANG_WARN_UNREACHABLE_CODE = YES;
				CLANG_WARN__DUPLICATE_METHOD_MATCH = YES;
				"CODE_SIGN_IDENTITY[sdk=iphoneos*]" = "iPhone Developer";
				COPY_PHASE_STRIP = NO;
				DEBUG_INFORMATION_FORMAT = "dwarf-with-dsym";
				ENABLE_NS_ASSERTIONS = NO;
				ENABLE_STRICT_OBJC_MSGSEND = YES;
				GCC_C_LANGUAGE_STANDARD = gnu99;
				GCC_NO_COMMON_BLOCKS = YES;
				GCC_WARN_64_TO_32_BIT_CONVERSION = YES;
				GCC_WARN_ABOUT_RETURN_TYPE = YES_ERROR;
				GCC_WARN_UNDECLARED_SELECTOR = YES;
				GCC_WARN_UNINITIALIZED_AUTOS = YES_AGGRESSIVE;
				GCC_WARN_UNUSED_FUNCTION = YES;
				GCC_WARN_UNUSED_VARIABLE = YES;
				IPHONEOS_DEPLOYMENT_TARGET = 9.1;
				MTL_ENABLE_DEBUG_INFO = NO;
				SDKROOT = iphoneos;
				TARGETED_DEVICE_FAMILY = "1,2";
				VALIDATE_PRODUCT = YES;
			};
			name = Release;
		};
		6A518F1C1BEBCCA400C2DABE /* Debug */ = {
			isa = XCBuildConfiguration;
			buildSettings = {
				ASSETCATALOG_COMPILER_APPICON_NAME = AppIcon;
				INFOPLIST_FILE = ftlsaver/Info.plist;
				LD_RUNPATH_SEARCH_PATHS = "$(inherited) @executable_path/Frameworks";
				PRODUCT_BUNDLE_IDENTIFIER = org.scottlearn.ftlsaver;
				PRODUCT_NAME = "$(TARGET_NAME)";
			};
			name = Debug;
		};
		6A518F1D1BEBCCA400C2DABE /* Release */ = {
			isa = XCBuildConfiguration;
			buildSettings = {
				ASSETCATALOG_COMPILER_APPICON_NAME = AppIcon;
				INFOPLIST_FILE = ftlsaver/Info.plist;
				LD_RUNPATH_SEARCH_PATHS = "$(inherited) @executable_path/Frameworks";
				PRODUCT_BUNDLE_IDENTIFIER = org.scottlearn.ftlsaver;
				PRODUCT_NAME = "$(TARGET_NAME)";
			};
			name = Release;
		};
/* End XCBuildConfiguration section */

/* Begin XCConfigurationList section */
		6A518EFF1BEBCCA400C2DABE /* Build configuration list for PBXProject "ftlsaver" */ = {
			isa = XCConfigurationList;
			buildConfigurations = (
				6A518F191BEBCCA400C2DABE /* Debug */,
				6A518F1A1BEBCCA400C2DABE /* Release */,
			);
			defaultConfigurationIsVisible = 0;
			defaultConfigurationName = Release;
		};
		6A518F1B1BEBCCA400C2DABE /* Build configuration list for PBXNativeTarget "ftlsaver" */ = {
			isa = XCConfigurationList;
			buildConfigurations = (
				6A518F1C1BEBCCA400C2DABE /* Debug */,
				6A518F1D1BEBCCA400C2DABE /* Release */,
			);
			defaultConfigurationIsVisible = 0;
		};
/* End XCConfigurationList section */
	};
	rootObject = 6A518EFC1BEBCCA400C2DABE /* Project object */;
}
